
Microsoft Visual Studio Solution File, Format Version 12.00
# Visual Studio 15
VisualStudioVersion = 15.0.27004.2005
MinimumVisualStudioVersion = 10.0.40219.1
Project("{FAE04EC0-301F-11D3-BF4B-00C04F79EFBC}") = "DataStructures", "DataStructures\DataStructures.csproj", "{A38414A5-1839-4F27-8BEE-15B2DFD7B17D}"
EndProject
Project("{FAE04EC0-301F-11D3-BF4B-00C04F79EFBC}") = "Algorithms", "Algorithms\Algorithms.csproj", "{F4E2D877-5D56-4713-9244-088B1484BE1E}"
EndProject
Project("{FAE04EC0-301F-11D3-BF4B-00C04F79EFBC}") = "Sorting", "Sorting\Sorting.csproj", "{667109A4-8C25-4384-B4F1-28A27E7B4AAC}"
EndProject
Project("{FAE04EC0-301F-11D3-BF4B-00C04F79EFBC}") = "Misc", "Misc\Misc.csproj", "{41F4BC8A-F210-4AB1-A464-365124E7CABC}"
EndProject
Project("{FAE04EC0-301F-11D3-BF4B-00C04F79EFBC}") = "Graph", "Graph\Graph.csproj", "{83DB6F3D-720A-41A8-B885-E6278F3C2371}"
EndProject
Project("{FAE04EC0-301F-11D3-BF4B-00C04F79EFBC}") = "Problems", "Problems\Problems.csproj", "{ED653BCC-FC1B-4866-AA7E-142A20BD18FB}"
EndProject
Project("{FAE04EC0-301F-11D3-BF4B-00C04F79EFBC}") = "Cracking", "Cracking\Cracking.csproj", "{57B7652F-7BAB-4158-955C-B9B0B394AB17}"
EndProject
Project("{FAE04EC0-301F-11D3-BF4B-00C04F79EFBC}") = "Tests", "Tests\Tests.csproj", "{11D0FD95-C1EB-428B-95CC-9C203C737225}"
EndProject
Project("{FAE04EC0-301F-11D3-BF4B-00C04F79EFBC}") = "DesignPatterns", "DesignPatterns\DesignPatterns.csproj", "{FF116CC3-C700-425F-BBE0-14D6ACF3593D}"
EndProject
Global
	GlobalSection(SolutionConfigurationPlatforms) = preSolution
		Debug|Any CPU = Debug|Any CPU
		Release|Any CPU = Release|Any CPU
	EndGlobalSection
	GlobalSection(ProjectConfigurationPlatforms) = postSolution
		{A38414A5-1839-4F27-8BEE-15B2DFD7B17D}.Debug|Any CPU.ActiveCfg = Debug|Any CPU
		{A38414A5-1839-4F27-8BEE-15B2DFD7B17D}.Debug|Any CPU.Build.0 = Debug|Any CPU
		{A38414A5-1839-4F27-8BEE-15B2DFD7B17D}.Release|Any CPU.ActiveCfg = Release|Any CPU
		{A38414A5-1839-4F27-8BEE-15B2DFD7B17D}.Release|Any CPU.Build.0 = Release|Any CPU
		{F4E2D877-5D56-4713-9244-088B1484BE1E}.Debug|Any CPU.ActiveCfg = Debug|Any CPU
		{F4E2D877-5D56-4713-9244-088B1484BE1E}.Debug|Any CPU.Build.0 = Debug|Any CPU
		{F4E2D877-5D56-4713-9244-088B1484BE1E}.Release|Any CPU.ActiveCfg = Release|Any CPU
		{F4E2D877-5D56-4713-9244-088B1484BE1E}.Release|Any CPU.Build.0 = Release|Any CPU
		{667109A4-8C25-4384-B4F1-28A27E7B4AAC}.Debug|Any CPU.ActiveCfg = Debug|Any CPU
		{667109A4-8C25-4384-B4F1-28A27E7B4AAC}.Debug|Any CPU.Build.0 = Debug|Any CPU
		{667109A4-8C25-4384-B4F1-28A27E7B4AAC}.Release|Any CPU.ActiveCfg = Release|Any CPU
		{667109A4-8C25-4384-B4F1-28A27E7B4AAC}.Release|Any CPU.Build.0 = Release|Any CPU
		{41F4BC8A-F210-4AB1-A464-365124E7CABC}.Debug|Any CPU.ActiveCfg = Debug|Any CPU
		{41F4BC8A-F210-4AB1-A464-365124E7CABC}.Debug|Any CPU.Build.0 = Debug|Any CPU
		{41F4BC8A-F210-4AB1-A464-365124E7CABC}.Release|Any CPU.ActiveCfg = Release|Any CPU
		{41F4BC8A-F210-4AB1-A464-365124E7CABC}.Release|Any CPU.Build.0 = Release|Any CPU
		{83DB6F3D-720A-41A8-B885-E6278F3C2371}.Debug|Any CPU.ActiveCfg = Debug|Any CPU
		{83DB6F3D-720A-41A8-B885-E6278F3C2371}.Debug|Any CPU.Build.0 = Debug|Any CPU
		{83DB6F3D-720A-41A8-B885-E6278F3C2371}.Release|Any CPU.ActiveCfg = Release|Any CPU
		{83DB6F3D-720A-41A8-B885-E6278F3C2371}.Release|Any CPU.Build.0 = Release|Any CPU
		{ED653BCC-FC1B-4866-AA7E-142A20BD18FB}.Debug|Any CPU.ActiveCfg = Debug|Any CPU
		{ED653BCC-FC1B-4866-AA7E-142A20BD18FB}.Debug|Any CPU.Build.0 = Debug|Any CPU
		{ED653BCC-FC1B-4866-AA7E-142A20BD18FB}.Release|Any CPU.ActiveCfg = Release|Any CPU
		{ED653BCC-FC1B-4866-AA7E-142A20BD18FB}.Release|Any CPU.Build.0 = Release|Any CPU
		{57B7652F-7BAB-4158-955C-B9B0B394AB17}.Debug|Any CPU.ActiveCfg = Debug|Any CPU
		{57B7652F-7BAB-4158-955C-B9B0B394AB17}.Debug|Any CPU.Build.0 = Debug|Any CPU
		{57B7652F-7BAB-4158-955C-B9B0B394AB17}.Release|Any CPU.ActiveCfg = Release|Any CPU
		{57B7652F-7BAB-4158-955C-B9B0B394AB17}.Release|Any CPU.Build.0 = Release|Any CPU
		{11D0FD95-C1EB-428B-95CC-9C203C737225}.Debug|Any CPU.ActiveCfg = Debug|Any CPU
		{11D0FD95-C1EB-428B-95CC-9C203C737225}.Debug|Any CPU.Build.0 = Debug|Any CPU
		{11D0FD95-C1EB-428B-95CC-9C203C737225}.Release|Any CPU.ActiveCfg = Release|Any CPU
		{11D0FD95-C1EB-428B-95CC-9C203C737225}.Release|Any CPU.Build.0 = Release|Any CPU
		{FF116CC3-C700-425F-BBE0-14D6ACF3593D}.Debug|Any CPU.ActiveCfg = Debug|Any CPU
		{FF116CC3-C700-425F-BBE0-14D6ACF3593D}.Debug|Any CPU.Build.0 = Debug|Any CPU
		{FF116CC3-C700-425F-BBE0-14D6ACF3593D}.Release|Any CPU.ActiveCfg = Release|Any CPU
		{FF116CC3-C700-425F-BBE0-14D6ACF3593D}.Release|Any CPU.Build.0 = Release|Any CPU
	EndGlobalSection
	GlobalSection(SolutionProperties) = preSolution
		HideSolutionNode = FALSE
	EndGlobalSection
	GlobalSection(ExtensibilityGlobals) = postSolution
		SolutionGuid = {794E3A64-A598-4C60-803D-E95226C81452}
	EndGlobalSection
EndGlobal
